# This file is automatically @generated by Cargo.
# It is not intended for manual editing.
[[package]]
name = "ahash"
version = "0.3.5"
source = "registry+https://github.com/rust-lang/crates.io-index"
checksum = "2f3e0bf23f51883cce372d5d5892211236856e4bb37fb942e1eb135ee0f146e3"

[[package]]
name = "autocfg"
version = "1.0.0"
source = "registry+https://github.com/rust-lang/crates.io-index"
checksum = "f8aac770f1885fd7e387acedd76065302551364496e46b3dd00860b2f8359b9d"

[[package]]
name = "base64"
version = "0.13.0"
source = "registry+https://github.com/rust-lang/crates.io-index"
checksum = "904dfeac50f3cdaba28fc6f57fdcddb75f49ed61346676a78c4ffe55877802fd"

[[package]]
name = "bech32"
version = "0.9.0"
source = "registry+https://github.com/rust-lang/crates.io-index"
checksum = "c5738be7561b0eeb501ef1d5c5db3f24e01ceb55fededd9b00039aada34966ad"

[[package]]
name = "bincode"
version = "1.3.1"
source = "registry+https://github.com/rust-lang/crates.io-index"
checksum = "f30d3a39baa26f9651f17b375061f3233dde33424a8b72b0dbe93a68a0bc896d"
dependencies = [
 "byteorder",
 "serde",
]

[[package]]
name = "bitcoin"
version = "0.29.0"
dependencies = [
 "base64",
 "bech32",
 "bincode",
 "bitcoin-internals",
 "bitcoin_hashes",
 "bitcoinconsensus",
 "core2",
 "hashbrown",
 "secp256k1",
 "serde",
 "serde_json",
 "serde_test",
]

[[package]]
name = "bitcoin-internals"
version = "0.1.0"

[[package]]
name = "bitcoin_hashes"
version = "0.11.0"
source = "registry+https://github.com/rust-lang/crates.io-index"
checksum = "90064b8dee6815a6470d60bad07bbbaee885c0e12d04177138fa3291a01b7bc4"
dependencies = [
 "core2",
 "serde",
]

[[package]]
name = "bitcoinconsensus"
version = "0.20.2-0.5.0"
source = "registry+https://github.com/rust-lang/crates.io-index"
checksum = "54505558b77e0aa21b2491a7b39cbae9db22ac8b1bc543ef4600edb762306f9c"
dependencies = [
 "cc",
 "libc",
]

[[package]]
name = "byteorder"
version = "1.3.0"
source = "registry+https://github.com/rust-lang/crates.io-index"
checksum = "60f0b0d4c0a382d2734228fd12b5a6b5dac185c60e938026fd31b265b94f9bd2"

[[package]]
name = "cc"
version = "1.0.28"
source = "registry+https://github.com/rust-lang/crates.io-index"
checksum = "bb4a8b715cb4597106ea87c7c84b2f1d452c7492033765df7f32651e66fcf749"

[[package]]
name = "cfg-if"
version = "0.1.2"
source = "registry+https://github.com/rust-lang/crates.io-index"
checksum = "d4c819a1287eb618df47cc647173c5c4c66ba19d888a6e50d605672aed3140de"

[[package]]
name = "core2"
version = "0.3.2"
source = "registry+https://github.com/rust-lang/crates.io-index"
checksum = "2cf12d2dad3ed124aa116f59561428478993d69ab81ae4d30e5349c9c5b5a5f6"
dependencies = [
 "memchr",
]

[[package]]
name = "dtoa"
version = "0.4.0"
source = "registry+https://github.com/rust-lang/crates.io-index"
checksum = "5edd69c67b2f8e0911629b7e6b8a34cb3956613cd7c6e6414966dee349c2db4f"

[[package]]
name = "getrandom"
version = "0.2.0"
source = "registry+https://github.com/rust-lang/crates.io-index"
checksum = "ee8025cf36f917e6a52cce185b7c7177689b838b7ec138364e50cc2277a56cf4"
dependencies = [
 "cfg-if",
 "libc",
 "wasi",
]

[[package]]
name = "hashbrown"
version = "0.8.0"
source = "registry+https://github.com/rust-lang/crates.io-index"
checksum = "ab9b7860757ce258c89fd48d28b68c41713e597a7b09e793f6c6a6e2ea37c827"
dependencies = [
 "ahash",
 "autocfg",
]

[[package]]
name = "itoa"
version = "0.3.0"
source = "registry+https://github.com/rust-lang/crates.io-index"
checksum = "91fd9dc2c587067de817fec4ad355e3818c3d893a78cab32a0a474c7a15bb8d5"

[[package]]
name = "libc"
version = "0.2.64"
source = "registry+https://github.com/rust-lang/crates.io-index"
checksum = "74dfca3d9957906e8d1e6a0b641dc9a59848e793f1da2165889fd4f62d10d79c"

[[package]]
name = "memchr"
version = "2.0.0"
source = "registry+https://github.com/rust-lang/crates.io-index"
checksum = "e01e64d9017d18e7fc09d8e4fe0e28ff6931019e979fb8019319db7ca827f8a6"

[[package]]
name = "num-traits"
version = "0.1.32"
source = "registry+https://github.com/rust-lang/crates.io-index"
checksum = "51eab148f171aefad295f8cece636fc488b9b392ef544da31ea4b8ef6b9e9c39"

[[package]]
name = "ppv-lite86"
version = "0.2.8"
source = "registry+https://github.com/rust-lang/crates.io-index"
checksum = "237a5ed80e274dbc66f86bd59c1e25edc039660be53194b5fe0a482e0f2612ea"

[[package]]
name = "proc-macro2"
version = "1.0.0"
source = "registry+https://github.com/rust-lang/crates.io-index"
checksum = "19f287c234c9b2d0308d692dee5c449c1a171167a6f8150f7cf2a49d8fd96967"
dependencies = [
 "unicode-xid",
]

[[package]]
name = "quote"
version = "1.0.0"
source = "registry+https://github.com/rust-lang/crates.io-index"
checksum = "7ab938ebe6f1c82426b5fb82eaf10c3e3028c53deaa3fbe38f5904b37cf4d767"
dependencies = [
 "proc-macro2",
]

[[package]]
name = "rand"
version = "0.8.0"
source = "registry+https://github.com/rust-lang/crates.io-index"
checksum = "a76330fb486679b4ace3670f117bbc9e16204005c4bde9c4bd372f45bed34f12"
dependencies = [
 "libc",
 "rand_chacha",
 "rand_core",
 "rand_hc",
]

[[package]]
name = "rand_chacha"
version = "0.3.0"
source = "registry+https://github.com/rust-lang/crates.io-index"
checksum = "e12735cf05c9e10bf21534da50a147b924d555dc7a547c42e6bb2d5b6017ae0d"
dependencies = [
 "ppv-lite86",
 "rand_core",
]

[[package]]
name = "rand_core"
version = "0.6.2"
source = "registry+https://github.com/rust-lang/crates.io-index"
checksum = "34cf66eb183df1c5876e2dcf6b13d57340741e8dc255b48e40a26de954d06ae7"
dependencies = [
 "getrandom",
]

[[package]]
name = "rand_hc"
version = "0.3.0"
source = "registry+https://github.com/rust-lang/crates.io-index"
checksum = "3190ef7066a446f2e7f42e239d161e905420ccab01eb967c9eb27d21b2322a73"
dependencies = [
 "rand_core",
]

[[package]]
name = "secp256k1"
version = "0.24.0"
source = "registry+https://github.com/rust-lang/crates.io-index"
checksum = "b7649a0b3ffb32636e60c7ce0d70511eda9c52c658cd0634e194d5a19943aeff"
dependencies = [
 "bitcoin_hashes",
 "rand",
 "secp256k1-sys",
 "serde",
]

[[package]]
name = "secp256k1-sys"
version = "0.6.0"
source = "registry+https://github.com/rust-lang/crates.io-index"
checksum = "7058dc8eaf3f2810d7828680320acda0b25a288f6d288e19278e249bbf74226b"
dependencies = [
 "cc",
]

[[package]]
name = "serde"
version = "1.0.103"
source = "registry+https://github.com/rust-lang/crates.io-index"
checksum = "1217f97ab8e8904b57dd22eb61cde455fa7446a9c1cf43966066da047c1f3702"
dependencies = [
 "serde_derive",
]

[[package]]
name = "serde_derive"
version = "1.0.103"
source = "registry+https://github.com/rust-lang/crates.io-index"
checksum = "a8c6faef9a2e64b0064f48570289b4bf8823b7581f1d6157c1b52152306651d0"
dependencies = [
 "proc-macro2",
 "quote",
 "syn",
]

[[package]]
name = "serde_json"
version = "1.0.0"
source = "registry+https://github.com/rust-lang/crates.io-index"
checksum = "e9b1ec939469a124b27e208106550c38358ed4334d2b1b5b3825bc1ee37d946a"
dependencies = [
 "dtoa",
 "itoa",
 "num-traits",
 "serde",
]

[[package]]
name = "serde_test"
version = "1.0.19"
source = "registry+https://github.com/rust-lang/crates.io-index"
checksum = "482765e11e55174e2d74a611674d09ed96712c00e0777e305a0c416dfef5fa40"
dependencies = [
 "serde",
]

[[package]]
name = "syn"
version = "1.0.0"
source = "registry+https://github.com/rust-lang/crates.io-index"
checksum = "9f8c8eab7d9f493cd89d4068085651d81ac7d39c56eb64f7158ea514b156e280"
dependencies = [
 "proc-macro2",
 "quote",
 "unicode-xid",
]

[[package]]
name = "unicode-xid"
version = "0.2.0"
source = "registry+https://github.com/rust-lang/crates.io-index"
checksum = "826e7639553986605ec5979c7dd957c7895e93eabed50ab2ffa7f6128a75097c"

[[package]]
name = "wasi"
version = "0.9.0+wasi-snapshot-preview1"
source = "registry+https://github.com/rust-lang/crates.io-index"
checksum = "cccddf32554fecc6acb585f82a32a72e28b48f8c4c1883ddfeeeaa96f7d8e519"
