# This file is automatically @generated by Cargo.
# It is not intended for manual editing.
version = 3

[[package]]
name = "arbitrary"
version = "1.4.1"
source = "registry+https://github.com/rust-lang/crates.io-index"
checksum = "dde20b3d026af13f561bdd0f15edf01fc734f0dafcedbaf42bba506a9517f223"

[[package]]
name = "arrayvec"
version = "0.7.2"
source = "registry+https://github.com/rust-lang/crates.io-index"
checksum = "8da52d66c7071e2e3fa2a1e5c6d088fec47b593032b254f5e980de8ea54454d6"

[[package]]
name = "base58ck"
version = "0.2.0"
dependencies = [
 "bitcoin-internals",
 "bitcoin_hashes 0.16.0",
 "hex_lit",
]

[[package]]
name = "base64"
version = "0.22.0"
source = "registry+https://github.com/rust-lang/crates.io-index"
checksum = "9475866fec1451be56a3c2400fd081ff546538961565ccb5b7142cbd22bc7a51"

[[package]]
name = "bech32"
version = "0.11.0"
source = "registry+https://github.com/rust-lang/crates.io-index"
checksum = "d965446196e3b7decd44aa7ee49e31d630118f90ef12f97900f262eb915c951d"

[[package]]
name = "bincode"
version = "1.3.1"
source = "registry+https://github.com/rust-lang/crates.io-index"
checksum = "f30d3a39baa26f9651f17b375061f3233dde33424a8b72b0dbe93a68a0bc896d"
dependencies = [
 "byteorder",
 "serde",
]

[[package]]
name = "bitcoin"
version = "0.33.0-alpha.0"
dependencies = [
 "arbitrary",
 "base58ck",
 "base64",
 "bech32",
 "bincode",
 "bitcoin-internals",
 "bitcoin-io 0.2.0",
 "bitcoin-primitives",
 "bitcoin-units",
 "bitcoin_hashes 0.16.0",
 "bitcoinconsensus",
 "hex-conservative 0.3.0",
 "hex_lit",
 "secp256k1",
 "serde",
 "serde_json",
 "serde_test",
]

[[package]]
name = "bitcoin-addresses"
version = "0.0.0"

[[package]]
name = "bitcoin-fuzz"
version = "0.0.1"
dependencies = [
 "arbitrary",
 "bitcoin",
 "bitcoin-p2p-messages",
 "honggfuzz",
 "serde",
 "serde_json",
]

[[package]]
name = "bitcoin-internals"
version = "0.4.0"
dependencies = [
 "bincode",
 "hex-conservative 0.3.0",
 "serde",
 "serde_json",
]

[[package]]
name = "bitcoin-io"
version = "0.1.1"
source = "registry+https://github.com/rust-lang/crates.io-index"
checksum = "17e5b76b88667412087beea1882980ad843b660490bbf6cce0a6cfc999c5b989"

[[package]]
name = "bitcoin-io"
version = "0.2.0"
dependencies = [
 "bitcoin-internals",
 "bitcoin_hashes 0.16.0",
]

[[package]]
name = "bitcoin-p2p-messages"
version = "0.1.0"
dependencies = [
 "arbitrary",
 "bitcoin",
 "bitcoin-internals",
 "bitcoin-io 0.2.0",
 "bitcoin-units",
 "bitcoin_hashes 0.16.0",
 "hex-conservative 0.3.0",
 "hex_lit",
]

[[package]]
name = "bitcoin-primitives"
version = "0.101.0"
dependencies = [
 "arbitrary",
 "arrayvec",
 "bincode",
 "bitcoin-internals",
 "bitcoin-units",
 "bitcoin_hashes 0.16.0",
 "consensus-encoding",
 "hex-conservative 0.3.0",
 "serde",
 "serde_json",
]

[[package]]
name = "bitcoin-units"
version = "1.0.0-rc.0"
dependencies = [
 "arbitrary",
 "bincode",
 "bitcoin-internals",
 "consensus-encoding",
 "serde",
 "serde_json",
 "serde_test",
]

[[package]]
name = "bitcoin_hashes"
version = "0.14.0"
source = "registry+https://github.com/rust-lang/crates.io-index"
checksum = "bb18c03d0db0247e147a21a6faafd5a7eb851c743db062de72018b6b7e8e4d16"
dependencies = [
 "bitcoin-io 0.1.1",
 "hex-conservative 0.2.0",
]

[[package]]
name = "bitcoin_hashes"
version = "0.16.0"
dependencies = [
 "bitcoin-internals",
 "hex-conservative 0.3.0",
 "serde",
 "serde_test",
]

[[package]]
name = "bitcoinconsensus"
version = "0.106.0+26.0"
source = "registry+https://github.com/rust-lang/crates.io-index"
checksum = "e12cba9cce5043cdda968e07b9df6d05ec6b0b38aa27a9a40bb575cf3e521ae9"
dependencies = [
 "cc",
]

[[package]]
name = "byteorder"
version = "1.3.0"
source = "registry+https://github.com/rust-lang/crates.io-index"
checksum = "60f0b0d4c0a382d2734228fd12b5a6b5dac185c60e938026fd31b265b94f9bd2"

[[package]]
name = "cc"
version = "1.0.28"
source = "registry+https://github.com/rust-lang/crates.io-index"
checksum = "bb4a8b715cb4597106ea87c7c84b2f1d452c7492033765df7f32651e66fcf749"

[[package]]
name = "cfg-if"
version = "0.1.2"
source = "registry+https://github.com/rust-lang/crates.io-index"
checksum = "d4c819a1287eb618df47cc647173c5c4c66ba19d888a6e50d605672aed3140de"

[[package]]
name = "chacha20-poly1305"
version = "0.1.2"
dependencies = [
 "hex-conservative 0.3.0",
]

[[package]]
name = "consensus-encoding"
version = "0.0.0"
dependencies = [
 "bitcoin-internals",
 "bitcoin_hashes 0.16.0",
]

[[package]]
name = "getrandom"
version = "0.2.0"
source = "registry+https://github.com/rust-lang/crates.io-index"
checksum = "ee8025cf36f917e6a52cce185b7c7177689b838b7ec138364e50cc2277a56cf4"
dependencies = [
 "cfg-if",
 "libc",
 "wasi",
]

[[package]]
name = "hex-conservative"
version = "0.2.0"
source = "registry+https://github.com/rust-lang/crates.io-index"
checksum = "e1aa273bf451e37ed35ced41c71a5e2a4e29064afb104158f2514bcd71c2c986"
dependencies = [
 "arrayvec",
]

[[package]]
name = "hex-conservative"
version = "0.3.0"
source = "registry+https://github.com/rust-lang/crates.io-index"
checksum = "4afe881d0527571892c4034822e59bb10c6c991cce6abe8199b6f5cf10766f55"
dependencies = [
 "arrayvec",
 "serde",
]

[[package]]
name = "hex_lit"
version = "0.1.1"
source = "registry+https://github.com/rust-lang/crates.io-index"
checksum = "3011d1213f159867b13cfd6ac92d2cd5f1345762c63be3554e84092d85a50bbd"

[[package]]
name = "honggfuzz"
version = "0.5.58"
source = "registry+https://github.com/rust-lang/crates.io-index"
checksum = "6e8319f3cc8fe416e7aa1ab95dcc04fd49f35397a47d0b2f0f225f6dba346a07"
dependencies = [
 "lazy_static",
 "memmap2",
 "rustc_version",
 "semver",
]

[[package]]
name = "itoa"
version = "0.4.3"
source = "registry+https://github.com/rust-lang/crates.io-index"
checksum = "1306f3464951f30e30d12373d31c79fbd52d236e5e896fd92f96ec7babbbe60b"

[[package]]
name = "lazy_static"
version = "1.5.0"
source = "registry+https://github.com/rust-lang/crates.io-index"
checksum = "bbd2bcb4c963f2ddae06a2efc7e9f3591312473c50c6685e1f298068316e66fe"

[[package]]
name = "libc"
version = "0.2.143"
source = "registry+https://github.com/rust-lang/crates.io-index"
checksum = "edc207893e85c5d6be840e969b496b53d94cec8be2d501b214f50daa97fa8024"

[[package]]
name = "memmap2"
version = "0.9.0"
source = "registry+https://github.com/rust-lang/crates.io-index"
checksum = "deaba38d7abf1d4cca21cc89e932e542ba2b9258664d2a9ef0e61512039c9375"
dependencies = [
 "libc",
]

[[package]]
name = "ppv-lite86"
version = "0.2.8"
source = "registry+https://github.com/rust-lang/crates.io-index"
checksum = "237a5ed80e274dbc66f86bd59c1e25edc039660be53194b5fe0a482e0f2612ea"

[[package]]
name = "proc-macro2"
version = "1.0.74"
source = "registry+https://github.com/rust-lang/crates.io-index"
checksum = "2de98502f212cfcea8d0bb305bd0f49d7ebdd75b64ba0a68f937d888f4e0d6db"
dependencies = [
 "unicode-ident",
]

[[package]]
name = "quote"
version = "1.0.35"
source = "registry+https://github.com/rust-lang/crates.io-index"
checksum = "291ec9ab5efd934aaf503a6466c5d5251535d108ee747472c3977cc5acc868ef"
dependencies = [
 "proc-macro2",
]

[[package]]
name = "rand"
version = "0.8.0"
source = "registry+https://github.com/rust-lang/crates.io-index"
checksum = "a76330fb486679b4ace3670f117bbc9e16204005c4bde9c4bd372f45bed34f12"
dependencies = [
 "libc",
 "rand_chacha",
 "rand_core",
 "rand_hc",
]

[[package]]
name = "rand_chacha"
version = "0.3.0"
source = "registry+https://github.com/rust-lang/crates.io-index"
checksum = "e12735cf05c9e10bf21534da50a147b924d555dc7a547c42e6bb2d5b6017ae0d"
dependencies = [
 "ppv-lite86",
 "rand_core",
]

[[package]]
name = "rand_core"
version = "0.6.2"
source = "registry+https://github.com/rust-lang/crates.io-index"
checksum = "34cf66eb183df1c5876e2dcf6b13d57340741e8dc255b48e40a26de954d06ae7"
dependencies = [
 "getrandom",
]

[[package]]
name = "rand_hc"
version = "0.3.0"
source = "registry+https://github.com/rust-lang/crates.io-index"
checksum = "3190ef7066a446f2e7f42e239d161e905420ccab01eb967c9eb27d21b2322a73"
dependencies = [
 "rand_core",
]

[[package]]
name = "rustc_version"
version = "0.4.0"
source = "registry+https://github.com/rust-lang/crates.io-index"
checksum = "bfa0f585226d2e68097d4f95d113b15b83a82e819ab25717ec0590d9584ef366"
dependencies = [
 "semver",
]

[[package]]
name = "ryu"
version = "1.0.0"
source = "registry+https://github.com/rust-lang/crates.io-index"
checksum = "c92464b447c0ee8c4fb3824ecc8383b81717b9f1e74ba2e72540aef7b9f82997"

[[package]]
name = "secp256k1"
version = "0.30.0"
source = "registry+https://github.com/rust-lang/crates.io-index"
checksum = "b50c5943d326858130af85e049f2661ba3c78b26589b8ab98e65e80ae44a1252"
dependencies = [
 "bitcoin_hashes 0.14.0",
 "rand",
 "secp256k1-sys",
 "serde",
]

[[package]]
name = "secp256k1-sys"
version = "0.10.0"
source = "registry+https://github.com/rust-lang/crates.io-index"
checksum = "1433bd67156263443f14d603720b082dd3121779323fce20cba2aa07b874bc1b"
dependencies = [
 "cc",
]

[[package]]
name = "semver"
version = "1.0.0"
source = "registry+https://github.com/rust-lang/crates.io-index"
checksum = "76b5842e81eb9bbea19276a9dbbda22ac042532f390a67ab08b895617978abf3"

[[package]]
name = "serde"
version = "1.0.195"
source = "registry+https://github.com/rust-lang/crates.io-index"
checksum = "63261df402c67811e9ac6def069e4786148c4563f4b50fd4bf30aa370d626b02"
dependencies = [
 "serde_derive",
]

[[package]]
name = "serde_derive"
version = "1.0.195"
source = "registry+https://github.com/rust-lang/crates.io-index"
checksum = "46fe8f8603d81ba86327b23a2e9cdf49e1255fb94a4c5f297f6ee0547178ea2c"
dependencies = [
 "proc-macro2",
 "quote",
 "syn",
]

[[package]]
name = "serde_json"
version = "1.0.68"
source = "registry+https://github.com/rust-lang/crates.io-index"
checksum = "0f690853975602e1bfe1ccbf50504d67174e3bcf340f23b5ea9992e0587a52d8"
dependencies = [
 "itoa",
 "ryu",
 "serde",
]

[[package]]
name = "serde_test"
version = "1.0.19"
source = "registry+https://github.com/rust-lang/crates.io-index"
checksum = "482765e11e55174e2d74a611674d09ed96712c00e0777e305a0c416dfef5fa40"
dependencies = [
 "serde",
]

[[package]]
name = "syn"
version = "2.0.46"
source = "registry+https://github.com/rust-lang/crates.io-index"
checksum = "89456b690ff72fddcecf231caedbe615c59480c93358a93dfae7fc29e3ebbf0e"
dependencies = [
 "proc-macro2",
 "quote",
 "unicode-ident",
]

[[package]]
name = "unicode-ident"
version = "1.0.0"
source = "registry+https://github.com/rust-lang/crates.io-index"
checksum = "d22af068fba1eb5edcb4aea19d382b2a3deb4c8f9d475c589b6ada9e0fd493ee"

[[package]]
name = "wasi"
version = "0.9.0+wasi-snapshot-preview1"
source = "registry+https://github.com/rust-lang/crates.io-index"
checksum = "cccddf32554fecc6acb585f82a32a72e28b48f8c4c1883ddfeeeaa96f7d8e519"
